{
  "requires": true,
  "lockfileVersion": 1,
  "dependencies": {
    "crossfilter2": {
      "version": "1.4.6",
      "resolved": "https://registry.npmjs.org/crossfilter2/-/crossfilter2-1.4.6.tgz",
      "integrity": "sha512-Fdmb6NqdUqreOuQ9qiNvTLOxMFBQRPDeRBBnqM8Zlebdf2i7Bn5hRhE8RlO9YzbGRyYxvYzdDXt6C1muyanolg==",
      "dev": true,
      "requires": {
        "lodash.result": "^4.4.0"
      }
    },
    "lodash.result": {
      "version": "4.5.2",
      "resolved": "https://registry.npmjs.org/lodash.result/-/lodash.result-4.5.2.tgz",
      "integrity": "sha1-y0Wyf7kU6qjY7m8M57KHC4fLcKo=",
      "dev": true
    },
    "reductio": {
      "version": "0.6.3",
      "resolved": "https://registry.npmjs.org/reductio/-/reductio-0.6.3.tgz",
      "integrity": "sha1-KSsvZpZKCKvg0GH+BNPq6XTkHYM=",
      "dev": true,
      "requires": {
        "crossfilter2": "^1.4.0-alpha.6"
      }
    }
  }
}
